{
  "name": "js",
  "version": "1.0.0",
  "lockfileVersion": 1,
  "requires": true,
  "dependencies": {
    "dexie": {
      "version": "2.0.1",
      "resolved": "https://registry.npmjs.org/dexie/-/dexie-2.0.1.tgz",
      "integrity": "sha1-ptxOYHRhxNpfk0YhkXoqiTmhjpc="
    },
    "indexeddb-export-import": {
      "version": "1.0.3",
      "resolved": "https://registry.npmjs.org/indexeddb-export-import/-/indexeddb-export-import-1.0.3.tgz",
      "integrity": "sha1-uiLRnU4zD7BksCuAwVrHHPhI0LQ=",
      "requires": {
        "underscore": "1.8.3"
      },
      "dependencies": {
        "underscore": {
          "version": "1.8.3",
          "resolved": "https://registry.npmjs.org/underscore/-/underscore-1.8.3.tgz",
          "integrity": "sha1-Tz+1OxBuYJf8+ctBCfKl6b36UCI="
        }
      }
    }
  }
}
